
Microsoft Visual Studio Solution File, Format Version 12.00
# Visual Studio Version 16
VisualStudioVersion = 16.0.31624.102
MinimumVisualStudioVersion = 10.0.40219.1
Project("{FAE04EC0-301F-11D3-BF4B-00C04F79EFBC}") = "ConsoleAppCalculator", "ConsoleAppCalculator\ConsoleAppCalculator.csproj", "{A6A22BE5-86F6-483E-8DC9-7612CCB42BE3}"
EndProject
Global
	GlobalSection(SolutionConfigurationPlatforms) = preSolution
		Debug|Any CPU = Debug|Any CPU
		Release|Any CPU = Release|Any CPU
	EndGlobalSection
	GlobalSection(ProjectConfigurationPlatforms) = postSolution
		{A6A22BE5-86F6-483E-8DC9-7612CCB42BE3}.Debug|Any CPU.ActiveCfg = Debug|Any CPU
		{A6A22BE5-86F6-483E-8DC9-7612CCB42BE3}.Debug|Any CPU.Build.0 = Debug|Any CPU
		{A6A22BE5-86F6-483E-8DC9-7612CCB42BE3}.Release|Any CPU.ActiveCfg = Release|Any CPU
		{A6A22BE5-86F6-483E-8DC9-7612CCB42BE3}.Release|Any CPU.Build.0 = Release|Any CPU
	EndGlobalSection
	GlobalSection(SolutionProperties) = preSolution
		HideSolutionNode = FALSE
	EndGlobalSection
	GlobalSection(ExtensibilityGlobals) = postSolution
		SolutionGuid = {3D0E06E1-5F87-49C8-AAD3-4B81388FA17F}
	EndGlobalSection
EndGlobal
